schema: '2.0'
stages:
  data_ingestion:
    cmd: python src/data/data_ingestion.py
    deps:
    - path: Given_Data/Urban Air Quality and Health Impact Dataset.csv
      hash: md5
      md5: ea7546c1536f0cc362c4db0699987ab3
      size: 635333
    - path: src/data/data_ingestion.py
      hash: md5
      md5: 96b83197327529028b04896839ec8196
      size: 1131
  data_cleaning:
    cmd: python src/data/data_cleaning.py
    deps:
    - path: data/raw/raw.csv
      hash: md5
      md5: 45aae42bfb8cf9fb8a3847dd344ccc46
      size: 631171
    - path: src/data/data_cleaning.py
      hash: md5
      md5: 1eefa20d839bd720a2dd539207257ded
      size: 4097
  feature_engineering:
    cmd: python src/data/feature_engineering.py
    deps:
    - path: data/processed/process.csv
      hash: md5
      md5: b3ba30da450ad9cd5fd937102cf28cd0
      size: 424797
    - path: data/raw/clean.csv
      hash: md5
      md5: 6009c6784e83a86d77fd6de6f390385d
      size: 620436
    - path: src/data/feature_engineering.py
      hash: md5
      md5: a1e38839f63f318342e3ed050547cf6b
      size: 4821
  data_transformation:
    cmd: python src/data/data_transformation.py
    deps:
    - path: data/processed/process.csv
      hash: md5
      md5: b3ba30da450ad9cd5fd937102cf28cd0
      size: 424797
    - path: src/data/data_transformation.py
      hash: md5
      md5: 6d3752f9735b5992ef9f3c216d3363d4
      size: 5472
  model_training:
    cmd: python src/models/train_model.py
    deps:
    - path: Models/model.pkl
      hash: md5
      md5: e87b30d2fc5ab4d12637cd22a03f3139
      size: 11539440
    - path: data/processed/test.npy
      hash: md5
      md5: 5b81985300f240bf04dea330b019a337
      size: 105728
    - path: data/processed/train.npy
      hash: md5
      md5: 0343bedc0d00a76ee036d7dd4ded288a
      size: 422528
    - path: src/models/train_model.py
      hash: md5
      md5: 713d6e82839763cb16e4fd029199008c
      size: 9609
  model_evulation:
    cmd: python src/tests/test_model.py
    deps:
    - path: Models/model.pkl
      hash: md5
      md5: e87b30d2fc5ab4d12637cd22a03f3139
      size: 11539440
    - path: data/processed/test.npy
      hash: md5
      md5: 5b81985300f240bf04dea330b019a337
      size: 105728
    - path: reports/model_report.json
      hash: md5
      md5: 95eaf63e9c458070f4a0bd7f85b52ddb
      size: 224
