schema: '2.0'
stages:
  data_ingestion:
    cmd: python src/data/data_ingestion.py
    deps:
    - path: Given_Data/Urban Air Quality and Health Impact Dataset.csv
      hash: md5
      md5: ea7546c1536f0cc362c4db0699987ab3
      size: 635333
    - path: src/data/data_ingestion.py
      hash: md5
      md5: 96b83197327529028b04896839ec8196
      size: 1131
  data_cleaning:
    cmd: python src/data/data_cleaning.py
    deps:
    - path: data/raw/raw.csv
      hash: md5
      md5: 45aae42bfb8cf9fb8a3847dd344ccc46
      size: 631171
    - path: src/data/data_cleaning.py
      hash: md5
      md5: 1eefa20d839bd720a2dd539207257ded
      size: 4097
  feature_engineering:
    cmd: python src/data/feature_engineering.py
    deps:
    - path: data/processed/process.csv
      hash: md5
      md5: b3ba30da450ad9cd5fd937102cf28cd0
      size: 424797
    - path: data/raw/clean.csv
      hash: md5
      md5: 6009c6784e83a86d77fd6de6f390385d
      size: 620436
    - path: src/data/feature_engineering.py
      hash: md5
      md5: a1e38839f63f318342e3ed050547cf6b
      size: 4821
  data_transformation:
    cmd: python src/data/data_transformation.py
    deps:
    - path: data/processed/process.csv
      hash: md5
      md5: b3ba30da450ad9cd5fd937102cf28cd0
      size: 424797
    - path: src/data/data_transformation.py
      hash: md5
      md5: f0011b2907a04c740c381d5aca5f29e8
      size: 5470
  model_training:
    cmd: python src/models/train_model.py
    deps:
    - path: Models/model.pkl
      hash: md5
      md5: 4c0332ef5f8335febede8d35cc30bac0
      size: 11539440
    - path: data/processed/test.npy
      hash: md5
      md5: 5b81985300f240bf04dea330b019a337
      size: 105728
    - path: data/processed/train.npy
      hash: md5
      md5: 0343bedc0d00a76ee036d7dd4ded288a
      size: 422528
    - path: src/models/train_model.py
      hash: md5
      md5: f3d269c8de77f6b0c5e3e37167e892c0
      size: 9881
  model_evulation:
    cmd: python src/tests/test_model.py
    deps:
    - path: Models/model.pkl
      hash: md5
      md5: 4c0332ef5f8335febede8d35cc30bac0
      size: 11539440
    - path: data/processed/test.npy
      hash: md5
      md5: 5b81985300f240bf04dea330b019a337
      size: 105728
    - path: reports/model_report.json
      hash: md5
      md5: 6fc1035b35489610f8db6b1ced64e73a
      size: 224
